// !$*UTF8*$!
{
	archiveVersion = 1;
	classes = {
	};
	objectVersion = 56;
	objects = {

/* Begin PBXBuildFile section */
		FE627CB02A62F00900A47365 /* FruitsAppApp.swift in Sources */ = {isa = PBXBuildFile; fileRef = FE627CAF2A62F00900A47365 /* FruitsAppApp.swift */; };
		FE627CB22A62F00900A47365 /* ContentView.swift in Sources */ = {isa = PBXBuildFile; fileRef = FE627CB12A62F00900A47365 /* ContentView.swift */; };
		FE627CB42A62F00A00A47365 /* Assets.xcassets in Resources */ = {isa = PBXBuildFile; fileRef = FE627CB32A62F00A00A47365 /* Assets.xcassets */; };
		FE627CB72A62F00A00A47365 /* Preview Assets.xcassets in Resources */ = {isa = PBXBuildFile; fileRef = FE627CB62A62F00A00A47365 /* Preview Assets.xcassets */; };
		FE627CC02A62F2A700A47365 /* FruitCardView.swift in Sources */ = {isa = PBXBuildFile; fileRef = FE627CBF2A62F2A700A47365 /* FruitCardView.swift */; };
		FE627CC22A62F57100A47365 /* StartButtonView.swift in Sources */ = {isa = PBXBuildFile; fileRef = FE627CC12A62F57100A47365 /* StartButtonView.swift */; };
		FE627CC42A62F7EB00A47365 /* OnboardingView.swift in Sources */ = {isa = PBXBuildFile; fileRef = FE627CC32A62F7EB00A47365 /* OnboardingView.swift */; };
		FE627CC72A62F9D300A47365 /* FruitModel.swift in Sources */ = {isa = PBXBuildFile; fileRef = FE627CC62A62F9D300A47365 /* FruitModel.swift */; };
		FE627CCA2A62FB0A00A47365 /* FruitData.swift in Sources */ = {isa = PBXBuildFile; fileRef = FE627CC92A62FB0A00A47365 /* FruitData.swift */; };
		FE627CCC2A63050100A47365 /* FruitRowView.swift in Sources */ = {isa = PBXBuildFile; fileRef = FE627CCB2A63050100A47365 /* FruitRowView.swift */; };
		FEC806D92A63E9B5007234E0 /* FruitDetailView.swift in Sources */ = {isa = PBXBuildFile; fileRef = FEC806D82A63E9B5007234E0 /* FruitDetailView.swift */; };
		FEC806DB2A63EC7E007234E0 /* FruitHeaderView.swift in Sources */ = {isa = PBXBuildFile; fileRef = FEC806DA2A63EC7E007234E0 /* FruitHeaderView.swift */; };
		FEC806DD2A63EF81007234E0 /* SourceLinkView.swift in Sources */ = {isa = PBXBuildFile; fileRef = FEC806DC2A63EF81007234E0 /* SourceLinkView.swift */; };
		FEC806DF2A63F153007234E0 /* FruitNutrientsView.swift in Sources */ = {isa = PBXBuildFile; fileRef = FEC806DE2A63F153007234E0 /* FruitNutrientsView.swift */; };
		FEC806E12A63F5C3007234E0 /* SettingsView.swift in Sources */ = {isa = PBXBuildFile; fileRef = FEC806E02A63F5C3007234E0 /* SettingsView.swift */; };
		FEC806E32A63F970007234E0 /* SettingsLabelView.swift in Sources */ = {isa = PBXBuildFile; fileRef = FEC806E22A63F970007234E0 /* SettingsLabelView.swift */; };
		FEC806E52A63FBA6007234E0 /* SettingsRowView.swift in Sources */ = {isa = PBXBuildFile; fileRef = FEC806E42A63FBA6007234E0 /* SettingsRowView.swift */; };
/* End PBXBuildFile section */

/* Begin PBXFileReference section */
		FE627CAC2A62F00900A47365 /* FruitsApp.app */ = {isa = PBXFileReference; explicitFileType = wrapper.application; includeInIndex = 0; path = FruitsApp.app; sourceTree = BUILT_PRODUCTS_DIR; };
		FE627CAF2A62F00900A47365 /* FruitsAppApp.swift */ = {isa = PBXFileReference; lastKnownFileType = sourcecode.swift; path = FruitsAppApp.swift; sourceTree = "<group>"; };
		FE627CB12A62F00900A47365 /* ContentView.swift */ = {isa = PBXFileReference; lastKnownFileType = sourcecode.swift; path = ContentView.swift; sourceTree = "<group>"; };
		FE627CB32A62F00A00A47365 /* Assets.xcassets */ = {isa = PBXFileReference; lastKnownFileType = folder.assetcatalog; path = Assets.xcassets; sourceTree = "<group>"; };
		FE627CB62A62F00A00A47365 /* Preview Assets.xcassets */ = {isa = PBXFileReference; lastKnownFileType = folder.assetcatalog; path = "Preview Assets.xcassets"; sourceTree = "<group>"; };
		FE627CBF2A62F2A700A47365 /* FruitCardView.swift */ = {isa = PBXFileReference; lastKnownFileType = sourcecode.swift; path = FruitCardView.swift; sourceTree = "<group>"; };
		FE627CC12A62F57100A47365 /* StartButtonView.swift */ = {isa = PBXFileReference; lastKnownFileType = sourcecode.swift; path = StartButtonView.swift; sourceTree = "<group>"; };
		FE627CC32A62F7EB00A47365 /* OnboardingView.swift */ = {isa = PBXFileReference; lastKnownFileType = sourcecode.swift; path = OnboardingView.swift; sourceTree = "<group>"; };
		FE627CC62A62F9D300A47365 /* FruitModel.swift */ = {isa = PBXFileReference; lastKnownFileType = sourcecode.swift; path = FruitModel.swift; sourceTree = "<group>"; };
		FE627CC92A62FB0A00A47365 /* FruitData.swift */ = {isa = PBXFileReference; lastKnownFileType = sourcecode.swift; path = FruitData.swift; sourceTree = "<group>"; };
		FE627CCB2A63050100A47365 /* FruitRowView.swift */ = {isa = PBXFileReference; lastKnownFileType = sourcecode.swift; path = FruitRowView.swift; sourceTree = "<group>"; };
		FEC806D82A63E9B5007234E0 /* FruitDetailView.swift */ = {isa = PBXFileReference; lastKnownFileType = sourcecode.swift; path = FruitDetailView.swift; sourceTree = "<group>"; };
		FEC806DA2A63EC7E007234E0 /* FruitHeaderView.swift */ = {isa = PBXFileReference; lastKnownFileType = sourcecode.swift; path = FruitHeaderView.swift; sourceTree = "<group>"; };
		FEC806DC2A63EF81007234E0 /* SourceLinkView.swift */ = {isa = PBXFileReference; lastKnownFileType = sourcecode.swift; path = SourceLinkView.swift; sourceTree = "<group>"; };
		FEC806DE2A63F153007234E0 /* FruitNutrientsView.swift */ = {isa = PBXFileReference; lastKnownFileType = sourcecode.swift; path = FruitNutrientsView.swift; sourceTree = "<group>"; };
		FEC806E02A63F5C3007234E0 /* SettingsView.swift */ = {isa = PBXFileReference; lastKnownFileType = sourcecode.swift; path = SettingsView.swift; sourceTree = "<group>"; };
		FEC806E22A63F970007234E0 /* SettingsLabelView.swift */ = {isa = PBXFileReference; lastKnownFileType = sourcecode.swift; path = SettingsLabelView.swift; sourceTree = "<group>"; };
		FEC806E42A63FBA6007234E0 /* SettingsRowView.swift */ = {isa = PBXFileReference; lastKnownFileType = sourcecode.swift; path = SettingsRowView.swift; sourceTree = "<group>"; };
/* End PBXFileReference section */

/* Begin PBXFrameworksBuildPhase section */
		FE627CA92A62F00900A47365 /* Frameworks */ = {
			isa = PBXFrameworksBuildPhase;
			buildActionMask = 2147483647;
			files = (
			);
			runOnlyForDeploymentPostprocessing = 0;
		};
/* End PBXFrameworksBuildPhase section */

/* Begin PBXGroup section */
		FE627CA32A62F00900A47365 = {
			isa = PBXGroup;
			children = (
				FE627CAE2A62F00900A47365 /* FruitsApp */,
				FE627CAD2A62F00900A47365 /* Products */,
			);
			sourceTree = "<group>";
		};
		FE627CAD2A62F00900A47365 /* Products */ = {
			isa = PBXGroup;
			children = (
				FE627CAC2A62F00900A47365 /* FruitsApp.app */,
			);
			name = Products;
			sourceTree = "<group>";
		};
		FE627CAE2A62F00900A47365 /* FruitsApp */ = {
			isa = PBXGroup;
			children = (
				FE627CC82A62FAF000A47365 /* Data */,
				FE627CC52A62F9B900A47365 /* Model */,
				FE627CBE2A62F27F00A47365 /* Views */,
				FE627CBD2A62F24D00A47365 /* App */,
				FE627CB32A62F00A00A47365 /* Assets.xcassets */,
				FE627CB52A62F00A00A47365 /* Preview Content */,
			);
			path = FruitsApp;
			sourceTree = "<group>";
		};
		FE627CB52A62F00A00A47365 /* Preview Content */ = {
			isa = PBXGroup;
			children = (
				FE627CB62A62F00A00A47365 /* Preview Assets.xcassets */,
			);
			path = "Preview Content";
			sourceTree = "<group>";
		};
		FE627CBD2A62F24D00A47365 /* App */ = {
			isa = PBXGroup;
			children = (
				FE627CAF2A62F00900A47365 /* FruitsAppApp.swift */,
				FE627CB12A62F00900A47365 /* ContentView.swift */,
				FE627CC32A62F7EB00A47365 /* OnboardingView.swift */,
				FEC806D82A63E9B5007234E0 /* FruitDetailView.swift */,
				FEC806E02A63F5C3007234E0 /* SettingsView.swift */,
			);
			path = App;
			sourceTree = "<group>";
		};
		FE627CBE2A62F27F00A47365 /* Views */ = {
			isa = PBXGroup;
			children = (
				FE627CBF2A62F2A700A47365 /* FruitCardView.swift */,
				FE627CC12A62F57100A47365 /* StartButtonView.swift */,
				FE627CCB2A63050100A47365 /* FruitRowView.swift */,
				FEC806DA2A63EC7E007234E0 /* FruitHeaderView.swift */,
				FEC806DC2A63EF81007234E0 /* SourceLinkView.swift */,
				FEC806DE2A63F153007234E0 /* FruitNutrientsView.swift */,
				FEC806E22A63F970007234E0 /* SettingsLabelView.swift */,
				FEC806E42A63FBA6007234E0 /* SettingsRowView.swift */,
			);
			path = Views;
			sourceTree = "<group>";
		};
		FE627CC52A62F9B900A47365 /* Model */ = {
			isa = PBXGroup;
			children = (
				FE627CC62A62F9D300A47365 /* FruitModel.swift */,
			);
			path = Model;
			sourceTree = "<group>";
		};
		FE627CC82A62FAF000A47365 /* Data */ = {
			isa = PBXGroup;
			children = (
				FE627CC92A62FB0A00A47365 /* FruitData.swift */,
			);
			path = Data;
			sourceTree = "<group>";
		};
/* End PBXGroup section */

/* Begin PBXNativeTarget section */
		FE627CAB2A62F00900A47365 /* FruitsApp */ = {
			isa = PBXNativeTarget;
			buildConfigurationList = FE627CBA2A62F00A00A47365 /* Build configuration list for PBXNativeTarget "FruitsApp" */;
			buildPhases = (
				FE627CA82A62F00900A47365 /* Sources */,
				FE627CA92A62F00900A47365 /* Frameworks */,
				FE627CAA2A62F00900A47365 /* Resources */,
			);
			buildRules = (
			);
			dependencies = (
			);
			name = FruitsApp;
			productName = FruitsApp;
			productReference = FE627CAC2A62F00900A47365 /* FruitsApp.app */;
			productType = "com.apple.product-type.application";
		};
/* End PBXNativeTarget section */

/* Begin PBXProject section */
		FE627CA42A62F00900A47365 /* Project object */ = {
			isa = PBXProject;
			attributes = {
				BuildIndependentTargetsInParallel = 1;
				LastSwiftUpdateCheck = 1430;
				LastUpgradeCheck = 1430;
				TargetAttributes = {
					FE627CAB2A62F00900A47365 = {
						CreatedOnToolsVersion = 14.3.1;
					};
				};
			};
			buildConfigurationList = FE627CA72A62F00900A47365 /* Build configuration list for PBXProject "FruitsApp" */;
			compatibilityVersion = "Xcode 14.0";
			developmentRegion = en;
			hasScannedForEncodings = 0;
			knownRegions = (
				en,
				Base,
			);
			mainGroup = FE627CA32A62F00900A47365;
			productRefGroup = FE627CAD2A62F00900A47365 /* Products */;
			projectDirPath = "";
			projectRoot = "";
			targets = (
				FE627CAB2A62F00900A47365 /* FruitsApp */,
			);
		};
/* End PBXProject section */

/* Begin PBXResourcesBuildPhase section */
		FE627CAA2A62F00900A47365 /* Resources */ = {
			isa = PBXResourcesBuildPhase;
			buildActionMask = 2147483647;
			files = (
				FE627CB72A62F00A00A47365 /* Preview Assets.xcassets in Resources */,
				FE627CB42A62F00A00A47365 /* Assets.xcassets in Resources */,
			);
			runOnlyForDeploymentPostprocessing = 0;
		};
/* End PBXResourcesBuildPhase section */

/* Begin PBXSourcesBuildPhase section */
		FE627CA82A62F00900A47365 /* Sources */ = {
			isa = PBXSourcesBuildPhase;
			buildActionMask = 2147483647;
			files = (
				FE627CCA2A62FB0A00A47365 /* FruitData.swift in Sources */,
				FEC806DD2A63EF81007234E0 /* SourceLinkView.swift in Sources */,
				FEC806E52A63FBA6007234E0 /* SettingsRowView.swift in Sources */,
				FE627CC02A62F2A700A47365 /* FruitCardView.swift in Sources */,
				FE627CCC2A63050100A47365 /* FruitRowView.swift in Sources */,
				FEC806DF2A63F153007234E0 /* FruitNutrientsView.swift in Sources */,
				FE627CC22A62F57100A47365 /* StartButtonView.swift in Sources */,
				FEC806D92A63E9B5007234E0 /* FruitDetailView.swift in Sources */,
				FE627CB22A62F00900A47365 /* ContentView.swift in Sources */,
				FEC806DB2A63EC7E007234E0 /* FruitHeaderView.swift in Sources */,
				FE627CC42A62F7EB00A47365 /* OnboardingView.swift in Sources */,
				FEC806E32A63F970007234E0 /* SettingsLabelView.swift in Sources */,
				FE627CC72A62F9D300A47365 /* FruitModel.swift in Sources */,
				FE627CB02A62F00900A47365 /* FruitsAppApp.swift in Sources */,
				FEC806E12A63F5C3007234E0 /* SettingsView.swift in Sources */,
			);
			runOnlyForDeploymentPostprocessing = 0;
		};
/* End PBXSourcesBuildPhase section */

/* Begin XCBuildConfiguration section */
		FE627CB82A62F00A00A47365 /* Debug */ = {
			isa = XCBuildConfiguration;
			buildSettings = {
				ALWAYS_SEARCH_USER_PATHS = NO;
				CLANG_ANALYZER_NONNULL = YES;
				CLANG_ANALYZER_NUMBER_OBJECT_CONVERSION = YES_AGGRESSIVE;
				CLANG_CXX_LANGUAGE_STANDARD = "gnu++20";
				CLANG_ENABLE_MODULES = YES;
				CLANG_ENABLE_OBJC_ARC = YES;
				CLANG_ENABLE_OBJC_WEAK = YES;
				CLANG_WARN_BLOCK_CAPTURE_AUTORELEASING = YES;
				CLANG_WARN_BOOL_CONVERSION = YES;
				CLANG_WARN_COMMA = YES;
				CLANG_WARN_CONSTANT_CONVERSION = YES;
				CLANG_WARN_DEPRECATED_OBJC_IMPLEMENTATIONS = YES;
				CLANG_WARN_DIRECT_OBJC_ISA_USAGE = YES_ERROR;
				CLANG_WARN_DOCUMENTATION_COMMENTS = YES;
				CLANG_WARN_EMPTY_BODY = YES;
				CLANG_WARN_ENUM_CONVERSION = YES;
				CLANG_WARN_INFINITE_RECURSION = YES;
				CLANG_WARN_INT_CONVERSION = YES;
				CLANG_WARN_NON_LITERAL_NULL_CONVERSION = YES;
				CLANG_WARN_OBJC_IMPLICIT_RETAIN_SELF = YES;
				CLANG_WARN_OBJC_LITERAL_CONVERSION = YES;
				CLANG_WARN_OBJC_ROOT_CLASS = YES_ERROR;
				CLANG_WARN_QUOTED_INCLUDE_IN_FRAMEWORK_HEADER = YES;
				CLANG_WARN_RANGE_LOOP_ANALYSIS = YES;
				CLANG_WARN_STRICT_PROTOTYPES = YES;
				CLANG_WARN_SUSPICIOUS_MOVE = YES;
				CLANG_WARN_UNGUARDED_AVAILABILITY = YES_AGGRESSIVE;
				CLANG_WARN_UNREACHABLE_CODE = YES;
				CLANG_WARN__DUPLICATE_METHOD_MATCH = YES;
				COPY_PHASE_STRIP = NO;
				DEBUG_INFORMATION_FORMAT = dwarf;
				ENABLE_STRICT_OBJC_MSGSEND = YES;
				ENABLE_TESTABILITY = YES;
				GCC_C_LANGUAGE_STANDARD = gnu11;
				GCC_DYNAMIC_NO_PIC = NO;
				GCC_NO_COMMON_BLOCKS = YES;
				GCC_OPTIMIZATION_LEVEL = 0;
				GCC_PREPROCESSOR_DEFINITIONS = (
					"DEBUG=1",
					"$(inherited)",
				);
				GCC_WARN_64_TO_32_BIT_CONVERSION = YES;
				GCC_WARN_ABOUT_RETURN_TYPE = YES_ERROR;
				GCC_WARN_UNDECLARED_SELECTOR = YES;
				GCC_WARN_UNINITIALIZED_AUTOS = YES_AGGRESSIVE;
				GCC_WARN_UNUSED_FUNCTION = YES;
				GCC_WARN_UNUSED_VARIABLE = YES;
				IPHONEOS_DEPLOYMENT_TARGET = 15.0;
				MTL_ENABLE_DEBUG_INFO = INCLUDE_SOURCE;
				MTL_FAST_MATH = YES;
				ONLY_ACTIVE_ARCH = YES;
				SDKROOT = iphoneos;
				SWIFT_ACTIVE_COMPILATION_CONDITIONS = DEBUG;
				SWIFT_OPTIMIZATION_LEVEL = "-Onone";
			};
			name = Debug;
		};
		FE627CB92A62F00A00A47365 /* Release */ = {
			isa = XCBuildConfiguration;
			buildSettings = {
				ALWAYS_SEARCH_USER_PATHS = NO;
				CLANG_ANALYZER_NONNULL = YES;
				CLANG_ANALYZER_NUMBER_OBJECT_CONVERSION = YES_AGGRESSIVE;
				CLANG_CXX_LANGUAGE_STANDARD = "gnu++20";
				CLANG_ENABLE_MODULES = YES;
				CLANG_ENABLE_OBJC_ARC = YES;
				CLANG_ENABLE_OBJC_WEAK = YES;
				CLANG_WARN_BLOCK_CAPTURE_AUTORELEASING = YES;
				CLANG_WARN_BOOL_CONVERSION = YES;
				CLANG_WARN_COMMA = YES;
				CLANG_WARN_CONSTANT_CONVERSION = YES;
				CLANG_WARN_DEPRECATED_OBJC_IMPLEMENTATIONS = YES;
				CLANG_WARN_DIRECT_OBJC_ISA_USAGE = YES_ERROR;
				CLANG_WARN_DOCUMENTATION_COMMENTS = YES;
				CLANG_WARN_EMPTY_BODY = YES;
				CLANG_WARN_ENUM_CONVERSION = YES;
				CLANG_WARN_INFINITE_RECURSION = YES;
				CLANG_WARN_INT_CONVERSION = YES;
				CLANG_WARN_NON_LITERAL_NULL_CONVERSION = YES;
				CLANG_WARN_OBJC_IMPLICIT_RETAIN_SELF = YES;
				CLANG_WARN_OBJC_LITERAL_CONVERSION = YES;
				CLANG_WARN_OBJC_ROOT_CLASS = YES_ERROR;
				CLANG_WARN_QUOTED_INCLUDE_IN_FRAMEWORK_HEADER = YES;
				CLANG_WARN_RANGE_LOOP_ANALYSIS = YES;
				CLANG_WARN_STRICT_PROTOTYPES = YES;
				CLANG_WARN_SUSPICIOUS_MOVE = YES;
				CLANG_WARN_UNGUARDED_AVAILABILITY = YES_AGGRESSIVE;
				CLANG_WARN_UNREACHABLE_CODE = YES;
				CLANG_WARN__DUPLICATE_METHOD_MATCH = YES;
				COPY_PHASE_STRIP = NO;
				DEBUG_INFORMATION_FORMAT = "dwarf-with-dsym";
				ENABLE_NS_ASSERTIONS = NO;
				ENABLE_STRICT_OBJC_MSGSEND = YES;
				GCC_C_LANGUAGE_STANDARD = gnu11;
				GCC_NO_COMMON_BLOCKS = YES;
				GCC_WARN_64_TO_32_BIT_CONVERSION = YES;
				GCC_WARN_ABOUT_RETURN_TYPE = YES_ERROR;
				GCC_WARN_UNDECLARED_SELECTOR = YES;
				GCC_WARN_UNINITIALIZED_AUTOS = YES_AGGRESSIVE;
				GCC_WARN_UNUSED_FUNCTION = YES;
				GCC_WARN_UNUSED_VARIABLE = YES;
				IPHONEOS_DEPLOYMENT_TARGET = 15.0;
				MTL_ENABLE_DEBUG_INFO = NO;
				MTL_FAST_MATH = YES;
				SDKROOT = iphoneos;
				SWIFT_COMPILATION_MODE = wholemodule;
				SWIFT_OPTIMIZATION_LEVEL = "-O";
				VALIDATE_PRODUCT = YES;
			};
			name = Release;
		};
		FE627CBB2A62F00A00A47365 /* Debug */ = {
			isa = XCBuildConfiguration;
			buildSettings = {
				ASSETCATALOG_COMPILER_APPICON_NAME = AppIcon;
				ASSETCATALOG_COMPILER_GLOBAL_ACCENT_COLOR_NAME = AccentColor;
				CODE_SIGN_STYLE = Automatic;
				CURRENT_PROJECT_VERSION = 1;
				DEVELOPMENT_ASSET_PATHS = "\"FruitsApp/Preview Content\"";
				DEVELOPMENT_TEAM = V5CW7SCCNU;
				ENABLE_PREVIEWS = YES;
				GENERATE_INFOPLIST_FILE = YES;
				INFOPLIST_KEY_UIApplicationSceneManifest_Generation = YES;
				INFOPLIST_KEY_UIApplicationSupportsIndirectInputEvents = YES;
				INFOPLIST_KEY_UILaunchScreen_Generation = YES;
				INFOPLIST_KEY_UISupportedInterfaceOrientations = "UIInterfaceOrientationPortrait UIInterfaceOrientationPortraitUpsideDown";
				IPHONEOS_DEPLOYMENT_TARGET = 15.0;
				LD_RUNPATH_SEARCH_PATHS = (
					"$(inherited)",
					"@executable_path/Frameworks",
				);
				MARKETING_VERSION = 1.0;
				PRODUCT_BUNDLE_IDENTIFIER = "it.matbuompy.fruits-app.FruitsApp";
				PRODUCT_NAME = "$(TARGET_NAME)";
				SWIFT_EMIT_LOC_STRINGS = YES;
				SWIFT_VERSION = 5.0;
				TARGETED_DEVICE_FAMILY = "1,2";
			};
			name = Debug;
		};
		FE627CBC2A62F00A00A47365 /* Release */ = {
			isa = XCBuildConfiguration;
			buildSettings = {
				ASSETCATALOG_COMPILER_APPICON_NAME = AppIcon;
				ASSETCATALOG_COMPILER_GLOBAL_ACCENT_COLOR_NAME = AccentColor;
				CODE_SIGN_STYLE = Automatic;
				CURRENT_PROJECT_VERSION = 1;
				DEVELOPMENT_ASSET_PATHS = "\"FruitsApp/Preview Content\"";
				DEVELOPMENT_TEAM = V5CW7SCCNU;
				ENABLE_PREVIEWS = YES;
				GENERATE_INFOPLIST_FILE = YES;
				INFOPLIST_KEY_UIApplicationSceneManifest_Generation = YES;
				INFOPLIST_KEY_UIApplicationSupportsIndirectInputEvents = YES;
				INFOPLIST_KEY_UILaunchScreen_Generation = YES;
				INFOPLIST_KEY_UISupportedInterfaceOrientations = "UIInterfaceOrientationPortrait UIInterfaceOrientationPortraitUpsideDown";
				IPHONEOS_DEPLOYMENT_TARGET = 15.0;
				LD_RUNPATH_SEARCH_PATHS = (
					"$(inherited)",
					"@executable_path/Frameworks",
				);
				MARKETING_VERSION = 1.0;
				PRODUCT_BUNDLE_IDENTIFIER = "it.matbuompy.fruits-app.FruitsApp";
				PRODUCT_NAME = "$(TARGET_NAME)";
				SWIFT_EMIT_LOC_STRINGS = YES;
				SWIFT_VERSION = 5.0;
				TARGETED_DEVICE_FAMILY = "1,2";
			};
			name = Release;
		};
/* End XCBuildConfiguration section */

/* Begin XCConfigurationList section */
		FE627CA72A62F00900A47365 /* Build configuration list for PBXProject "FruitsApp" */ = {
			isa = XCConfigurationList;
			buildConfigurations = (
				FE627CB82A62F00A00A47365 /* Debug */,
				FE627CB92A62F00A00A47365 /* Release */,
			);
			defaultConfigurationIsVisible = 0;
			defaultConfigurationName = Release;
		};
		FE627CBA2A62F00A00A47365 /* Build configuration list for PBXNativeTarget "FruitsApp" */ = {
			isa = XCConfigurationList;
			buildConfigurations = (
				FE627CBB2A62F00A00A47365 /* Debug */,
				FE627CBC2A62F00A00A47365 /* Release */,
			);
			defaultConfigurationIsVisible = 0;
			defaultConfigurationName = Release;
		};
/* End XCConfigurationList section */
	};
	rootObject = FE627CA42A62F00900A47365 /* Project object */;
}
